
Microsoft Visual Studio Solution File, Format Version 12.00
# Visual Studio Version 16
VisualStudioVersion = 16.0.31105.61
MinimumVisualStudioVersion = 10.0.40219.1
Project("{FAE04EC0-301F-11D3-BF4B-00C04F79EFBC}") = "灵犀-串口助手", "灵犀-串口助手.csproj", "{5159D3DD-1467-4ECF-B863-6C15B5E68F59}"
EndProject
Global
	GlobalSection(SolutionConfigurationPlatforms) = preSolution
		Debug|Any CPU = Debug|Any CPU
		Release|Any CPU = Release|Any CPU
	EndGlobalSection
	GlobalSection(ProjectConfigurationPlatforms) = postSolution
		{5159D3DD-1467-4ECF-B863-6C15B5E68F59}.Debug|Any CPU.ActiveCfg = Debug|Any CPU
		{5159D3DD-1467-4ECF-B863-6C15B5E68F59}.Debug|Any CPU.Build.0 = Debug|Any CPU
		{5159D3DD-1467-4ECF-B863-6C15B5E68F59}.Release|Any CPU.ActiveCfg = Release|Any CPU
		{5159D3DD-1467-4ECF-B863-6C15B5E68F59}.Release|Any CPU.Build.0 = Release|Any CPU
	EndGlobalSection
	GlobalSection(SolutionProperties) = preSolution
		HideSolutionNode = FALSE
	EndGlobalSection
	GlobalSection(ExtensibilityGlobals) = postSolution
		SolutionGuid = {E6779B3D-E72F-4889-8DD7-950F7334968C}
	EndGlobalSection
EndGlobal
